
Microsoft Visual Studio Solution File, Format Version 12.00
# Visual Studio Version 17
VisualStudioVersion = 17.1.32407.343
MinimumVisualStudioVersion = 10.0.40219.1
Project("{2150E333-8FDC-42A3-9474-1A3956D46DE8}") = "QuEST-3.4.0", "QuEST-3.4.0", "{1F660D0A-B593-4178-8F47-AC3620394D66}"
EndProject
Project("{2150E333-8FDC-42A3-9474-1A3956D46DE8}") = "Tools", "Tools", "{4501B84F-FE9E-43C4-AA91-80297812C0DB}"
EndProject
Project("{2150E333-8FDC-42A3-9474-1A3956D46DE8}") = "Applications", "Applications", "{2FEC9DC1-C975-4B85-B371-813DF11BEE49}"
EndProject
Project("{8BC9CEB8-8B4A-11D0-8D11-00A0C91BC942}") = "QuEST", "QuEST340\QuEST.vcxproj", "{2B3D5D15-AC06-4B0C-9D94-4187CB8422A4}"
EndProject
Project("{2150E333-8FDC-42A3-9474-1A3956D46DE8}") = "Examples", "Examples", "{E7B55D20-2952-4581-9670-BABB1D05C66E}"
EndProject
Project("{8BC9CEB8-8B4A-11D0-8D11-00A0C91BC942}") = "tutorial_example", "QuEST340\tutorial_example.vcxproj", "{923A79D4-C470-4D72-BDC4-F04658E5FDE0}"
	ProjectSection(ProjectDependencies) = postProject
		{2B3D5D15-AC06-4B0C-9D94-4187CB8422A4} = {2B3D5D15-AC06-4B0C-9D94-4187CB8422A4}
	EndProjectSection
EndProject
Project("{8BC9CEB8-8B4A-11D0-8D11-00A0C91BC942}") = "grovers_search", "QuEST340\grovers_search.vcxproj", "{A118799D-ED08-425B-8DAF-7040AAB26DAB}"
	ProjectSection(ProjectDependencies) = postProject
		{2B3D5D15-AC06-4B0C-9D94-4187CB8422A4} = {2B3D5D15-AC06-4B0C-9D94-4187CB8422A4}
	EndProjectSection
EndProject
Project("{8BC9CEB8-8B4A-11D0-8D11-00A0C91BC942}") = "bernstein_vazirani_circuit", "QuEST340\bernstein_vazirani_circuit.vcxproj", "{2764CF99-DDFD-4392-8D93-0C36D351036B}"
	ProjectSection(ProjectDependencies) = postProject
		{2B3D5D15-AC06-4B0C-9D94-4187CB8422A4} = {2B3D5D15-AC06-4B0C-9D94-4187CB8422A4}
	EndProjectSection
EndProject
Project("{8BC9CEB8-8B4A-11D0-8D11-00A0C91BC942}") = "QuEST_tests", "QuEST340\tests.vcxproj", "{254A4769-7CF5-42A4-BE1E-F824FEFEA6C1}"
	ProjectSection(ProjectDependencies) = postProject
		{2B3D5D15-AC06-4B0C-9D94-4187CB8422A4} = {2B3D5D15-AC06-4B0C-9D94-4187CB8422A4}
	EndProjectSection
EndProject
Project("{8BC9CEB8-8B4A-11D0-8D11-00A0C91BC942}") = "QuantumLab", "QuantumLab\QuantumLab.vcxproj", "{A9F5B387-7A98-40B3-AAB8-AAC4ACCAB6EA}"
	ProjectSection(ProjectDependencies) = postProject
		{2B3D5D15-AC06-4B0C-9D94-4187CB8422A4} = {2B3D5D15-AC06-4B0C-9D94-4187CB8422A4}
	EndProjectSection
EndProject
Project("{8BC9CEB8-8B4A-11D0-8D11-00A0C91BC942}") = "SimpleTest", "Application\SimpleTest\SimpleTest.vcxproj", "{822F8F39-205B-439B-8145-4A16E355CAE4}"
	ProjectSection(ProjectDependencies) = postProject
		{A9F5B387-7A98-40B3-AAB8-AAC4ACCAB6EA} = {A9F5B387-7A98-40B3-AAB8-AAC4ACCAB6EA}
	EndProjectSection
EndProject
Project("{8BC9CEB8-8B4A-11D0-8D11-00A0C91BC942}") = "QuantumFit", "Application\QuantumFit\QuantumFit.vcxproj", "{AD433743-5278-4C79-9BE3-DCC4E7028958}"
	ProjectSection(ProjectDependencies) = postProject
		{A9F5B387-7A98-40B3-AAB8-AAC4ACCAB6EA} = {A9F5B387-7A98-40B3-AAB8-AAC4ACCAB6EA}
	EndProjectSection
EndProject
Project("{8BC9CEB8-8B4A-11D0-8D11-00A0C91BC942}") = "QKMeans", "Application\QKMeans\QKMeans.vcxproj", "{977281E6-DEB5-41E2-ABF8-0082EF81B2E5}"
	ProjectSection(ProjectDependencies) = postProject
		{A9F5B387-7A98-40B3-AAB8-AAC4ACCAB6EA} = {A9F5B387-7A98-40B3-AAB8-AAC4ACCAB6EA}
	EndProjectSection
EndProject
Project("{FAE04EC0-301F-11D3-BF4B-00C04F79EFBC}") = "CMakeWrite", "CMakeWrite\CMakeWrite.csproj", "{895A420A-C9F3-48B5-AED4-8B2D3355CB91}"
EndProject
Project("{8BC9CEB8-8B4A-11D0-8D11-00A0C91BC942}") = "SwapTest", "Application\SwapTest\SwapTest.vcxproj", "{0307AC4E-860C-4A4F-8EAA-414FDC6E4606}"
	ProjectSection(ProjectDependencies) = postProject
		{A9F5B387-7A98-40B3-AAB8-AAC4ACCAB6EA} = {A9F5B387-7A98-40B3-AAB8-AAC4ACCAB6EA}
	EndProjectSection
EndProject
Global
	GlobalSection(SolutionConfigurationPlatforms) = preSolution
		Debug|Any CPU = Debug|Any CPU
		Debug|x64 = Debug|x64
		Debug|x86 = Debug|x86
		Release|Any CPU = Release|Any CPU
		Release|x64 = Release|x64
		Release|x86 = Release|x86
	EndGlobalSection
	GlobalSection(ProjectConfigurationPlatforms) = postSolution
		{2B3D5D15-AC06-4B0C-9D94-4187CB8422A4}.Debug|Any CPU.ActiveCfg = Debug|x64
		{2B3D5D15-AC06-4B0C-9D94-4187CB8422A4}.Debug|Any CPU.Build.0 = Debug|x64
		{2B3D5D15-AC06-4B0C-9D94-4187CB8422A4}.Debug|x64.ActiveCfg = Debug|x64
		{2B3D5D15-AC06-4B0C-9D94-4187CB8422A4}.Debug|x64.Build.0 = Debug|x64
		{2B3D5D15-AC06-4B0C-9D94-4187CB8422A4}.Debug|x86.ActiveCfg = Debug|x64
		{2B3D5D15-AC06-4B0C-9D94-4187CB8422A4}.Debug|x86.Build.0 = Debug|x64
		{2B3D5D15-AC06-4B0C-9D94-4187CB8422A4}.Release|Any CPU.ActiveCfg = Release|x64
		{2B3D5D15-AC06-4B0C-9D94-4187CB8422A4}.Release|Any CPU.Build.0 = Release|x64
		{2B3D5D15-AC06-4B0C-9D94-4187CB8422A4}.Release|x64.ActiveCfg = Release|x64
		{2B3D5D15-AC06-4B0C-9D94-4187CB8422A4}.Release|x64.Build.0 = Release|x64
		{2B3D5D15-AC06-4B0C-9D94-4187CB8422A4}.Release|x86.ActiveCfg = Release|x64
		{2B3D5D15-AC06-4B0C-9D94-4187CB8422A4}.Release|x86.Build.0 = Release|x64
		{923A79D4-C470-4D72-BDC4-F04658E5FDE0}.Debug|Any CPU.ActiveCfg = Debug|x64
		{923A79D4-C470-4D72-BDC4-F04658E5FDE0}.Debug|Any CPU.Build.0 = Debug|x64
		{923A79D4-C470-4D72-BDC4-F04658E5FDE0}.Debug|x64.ActiveCfg = Debug|x64
		{923A79D4-C470-4D72-BDC4-F04658E5FDE0}.Debug|x64.Build.0 = Debug|x64
		{923A79D4-C470-4D72-BDC4-F04658E5FDE0}.Debug|x86.ActiveCfg = Debug|Win32
		{923A79D4-C470-4D72-BDC4-F04658E5FDE0}.Debug|x86.Build.0 = Debug|Win32
		{923A79D4-C470-4D72-BDC4-F04658E5FDE0}.Release|Any CPU.ActiveCfg = Release|x64
		{923A79D4-C470-4D72-BDC4-F04658E5FDE0}.Release|Any CPU.Build.0 = Release|x64
		{923A79D4-C470-4D72-BDC4-F04658E5FDE0}.Release|x64.ActiveCfg = Release|x64
		{923A79D4-C470-4D72-BDC4-F04658E5FDE0}.Release|x64.Build.0 = Release|x64
		{923A79D4-C470-4D72-BDC4-F04658E5FDE0}.Release|x86.ActiveCfg = Release|Win32
		{923A79D4-C470-4D72-BDC4-F04658E5FDE0}.Release|x86.Build.0 = Release|Win32
		{A118799D-ED08-425B-8DAF-7040AAB26DAB}.Debug|Any CPU.ActiveCfg = Debug|x64
		{A118799D-ED08-425B-8DAF-7040AAB26DAB}.Debug|Any CPU.Build.0 = Debug|x64
		{A118799D-ED08-425B-8DAF-7040AAB26DAB}.Debug|x64.ActiveCfg = Debug|x64
		{A118799D-ED08-425B-8DAF-7040AAB26DAB}.Debug|x64.Build.0 = Debug|x64
		{A118799D-ED08-425B-8DAF-7040AAB26DAB}.Debug|x86.ActiveCfg = Debug|Win32
		{A118799D-ED08-425B-8DAF-7040AAB26DAB}.Debug|x86.Build.0 = Debug|Win32
		{A118799D-ED08-425B-8DAF-7040AAB26DAB}.Release|Any CPU.ActiveCfg = Release|x64
		{A118799D-ED08-425B-8DAF-7040AAB26DAB}.Release|Any CPU.Build.0 = Release|x64
		{A118799D-ED08-425B-8DAF-7040AAB26DAB}.Release|x64.ActiveCfg = Release|x64
		{A118799D-ED08-425B-8DAF-7040AAB26DAB}.Release|x64.Build.0 = Release|x64
		{A118799D-ED08-425B-8DAF-7040AAB26DAB}.Release|x86.ActiveCfg = Release|Win32
		{A118799D-ED08-425B-8DAF-7040AAB26DAB}.Release|x86.Build.0 = Release|Win32
		{2764CF99-DDFD-4392-8D93-0C36D351036B}.Debug|Any CPU.ActiveCfg = Debug|x64
		{2764CF99-DDFD-4392-8D93-0C36D351036B}.Debug|Any CPU.Build.0 = Debug|x64
		{2764CF99-DDFD-4392-8D93-0C36D351036B}.Debug|x64.ActiveCfg = Debug|x64
		{2764CF99-DDFD-4392-8D93-0C36D351036B}.Debug|x64.Build.0 = Debug|x64
		{2764CF99-DDFD-4392-8D93-0C36D351036B}.Debug|x86.ActiveCfg = Debug|Win32
		{2764CF99-DDFD-4392-8D93-0C36D351036B}.Debug|x86.Build.0 = Debug|Win32
		{2764CF99-DDFD-4392-8D93-0C36D351036B}.Release|Any CPU.ActiveCfg = Release|x64
		{2764CF99-DDFD-4392-8D93-0C36D351036B}.Release|Any CPU.Build.0 = Release|x64
		{2764CF99-DDFD-4392-8D93-0C36D351036B}.Release|x64.ActiveCfg = Release|x64
		{2764CF99-DDFD-4392-8D93-0C36D351036B}.Release|x64.Build.0 = Release|x64
		{2764CF99-DDFD-4392-8D93-0C36D351036B}.Release|x86.ActiveCfg = Release|Win32
		{2764CF99-DDFD-4392-8D93-0C36D351036B}.Release|x86.Build.0 = Release|Win32
		{254A4769-7CF5-42A4-BE1E-F824FEFEA6C1}.Debug|Any CPU.ActiveCfg = Debug|x64
		{254A4769-7CF5-42A4-BE1E-F824FEFEA6C1}.Debug|Any CPU.Build.0 = Debug|x64
		{254A4769-7CF5-42A4-BE1E-F824FEFEA6C1}.Debug|x64.ActiveCfg = Debug|x64
		{254A4769-7CF5-42A4-BE1E-F824FEFEA6C1}.Debug|x64.Build.0 = Debug|x64
		{254A4769-7CF5-42A4-BE1E-F824FEFEA6C1}.Debug|x86.ActiveCfg = Debug|Win32
		{254A4769-7CF5-42A4-BE1E-F824FEFEA6C1}.Debug|x86.Build.0 = Debug|Win32
		{254A4769-7CF5-42A4-BE1E-F824FEFEA6C1}.Release|Any CPU.ActiveCfg = Release|x64
		{254A4769-7CF5-42A4-BE1E-F824FEFEA6C1}.Release|Any CPU.Build.0 = Release|x64
		{254A4769-7CF5-42A4-BE1E-F824FEFEA6C1}.Release|x64.ActiveCfg = Release|x64
		{254A4769-7CF5-42A4-BE1E-F824FEFEA6C1}.Release|x64.Build.0 = Release|x64
		{254A4769-7CF5-42A4-BE1E-F824FEFEA6C1}.Release|x86.ActiveCfg = Release|Win32
		{254A4769-7CF5-42A4-BE1E-F824FEFEA6C1}.Release|x86.Build.0 = Release|Win32
		{A9F5B387-7A98-40B3-AAB8-AAC4ACCAB6EA}.Debug|Any CPU.ActiveCfg = Debug|x64
		{A9F5B387-7A98-40B3-AAB8-AAC4ACCAB6EA}.Debug|Any CPU.Build.0 = Debug|x64
		{A9F5B387-7A98-40B3-AAB8-AAC4ACCAB6EA}.Debug|x64.ActiveCfg = Debug|x64
		{A9F5B387-7A98-40B3-AAB8-AAC4ACCAB6EA}.Debug|x64.Build.0 = Debug|x64
		{A9F5B387-7A98-40B3-AAB8-AAC4ACCAB6EA}.Debug|x86.ActiveCfg = Debug|x64
		{A9F5B387-7A98-40B3-AAB8-AAC4ACCAB6EA}.Debug|x86.Build.0 = Debug|x64
		{A9F5B387-7A98-40B3-AAB8-AAC4ACCAB6EA}.Release|Any CPU.ActiveCfg = Release|x64
		{A9F5B387-7A98-40B3-AAB8-AAC4ACCAB6EA}.Release|Any CPU.Build.0 = Release|x64
		{A9F5B387-7A98-40B3-AAB8-AAC4ACCAB6EA}.Release|x64.ActiveCfg = Release|x64
		{A9F5B387-7A98-40B3-AAB8-AAC4ACCAB6EA}.Release|x64.Build.0 = Release|x64
		{A9F5B387-7A98-40B3-AAB8-AAC4ACCAB6EA}.Release|x86.ActiveCfg = Release|x64
		{A9F5B387-7A98-40B3-AAB8-AAC4ACCAB6EA}.Release|x86.Build.0 = Release|x64
		{822F8F39-205B-439B-8145-4A16E355CAE4}.Debug|Any CPU.ActiveCfg = Debug|x64
		{822F8F39-205B-439B-8145-4A16E355CAE4}.Debug|Any CPU.Build.0 = Debug|x64
		{822F8F39-205B-439B-8145-4A16E355CAE4}.Debug|x64.ActiveCfg = Debug|x64
		{822F8F39-205B-439B-8145-4A16E355CAE4}.Debug|x64.Build.0 = Debug|x64
		{822F8F39-205B-439B-8145-4A16E355CAE4}.Debug|x86.ActiveCfg = Debug|Win32
		{822F8F39-205B-439B-8145-4A16E355CAE4}.Debug|x86.Build.0 = Debug|Win32
		{822F8F39-205B-439B-8145-4A16E355CAE4}.Release|Any CPU.ActiveCfg = Release|x64
		{822F8F39-205B-439B-8145-4A16E355CAE4}.Release|Any CPU.Build.0 = Release|x64
		{822F8F39-205B-439B-8145-4A16E355CAE4}.Release|x64.ActiveCfg = Release|x64
		{822F8F39-205B-439B-8145-4A16E355CAE4}.Release|x64.Build.0 = Release|x64
		{822F8F39-205B-439B-8145-4A16E355CAE4}.Release|x86.ActiveCfg = Release|Win32
		{822F8F39-205B-439B-8145-4A16E355CAE4}.Release|x86.Build.0 = Release|Win32
		{AD433743-5278-4C79-9BE3-DCC4E7028958}.Debug|Any CPU.ActiveCfg = Debug|x64
		{AD433743-5278-4C79-9BE3-DCC4E7028958}.Debug|Any CPU.Build.0 = Debug|x64
		{AD433743-5278-4C79-9BE3-DCC4E7028958}.Debug|x64.ActiveCfg = Debug|x64
		{AD433743-5278-4C79-9BE3-DCC4E7028958}.Debug|x64.Build.0 = Debug|x64
		{AD433743-5278-4C79-9BE3-DCC4E7028958}.Debug|x86.ActiveCfg = Debug|Win32
		{AD433743-5278-4C79-9BE3-DCC4E7028958}.Debug|x86.Build.0 = Debug|Win32
		{AD433743-5278-4C79-9BE3-DCC4E7028958}.Release|Any CPU.ActiveCfg = Release|x64
		{AD433743-5278-4C79-9BE3-DCC4E7028958}.Release|Any CPU.Build.0 = Release|x64
		{AD433743-5278-4C79-9BE3-DCC4E7028958}.Release|x64.ActiveCfg = Release|x64
		{AD433743-5278-4C79-9BE3-DCC4E7028958}.Release|x64.Build.0 = Release|x64
		{AD433743-5278-4C79-9BE3-DCC4E7028958}.Release|x86.ActiveCfg = Release|Win32
		{AD433743-5278-4C79-9BE3-DCC4E7028958}.Release|x86.Build.0 = Release|Win32
		{977281E6-DEB5-41E2-ABF8-0082EF81B2E5}.Debug|Any CPU.ActiveCfg = Debug|x64
		{977281E6-DEB5-41E2-ABF8-0082EF81B2E5}.Debug|Any CPU.Build.0 = Debug|x64
		{977281E6-DEB5-41E2-ABF8-0082EF81B2E5}.Debug|x64.ActiveCfg = Debug|x64
		{977281E6-DEB5-41E2-ABF8-0082EF81B2E5}.Debug|x64.Build.0 = Debug|x64
		{977281E6-DEB5-41E2-ABF8-0082EF81B2E5}.Debug|x86.ActiveCfg = Debug|Win32
		{977281E6-DEB5-41E2-ABF8-0082EF81B2E5}.Debug|x86.Build.0 = Debug|Win32
		{977281E6-DEB5-41E2-ABF8-0082EF81B2E5}.Release|Any CPU.ActiveCfg = Release|x64
		{977281E6-DEB5-41E2-ABF8-0082EF81B2E5}.Release|Any CPU.Build.0 = Release|x64
		{977281E6-DEB5-41E2-ABF8-0082EF81B2E5}.Release|x64.ActiveCfg = Release|x64
		{977281E6-DEB5-41E2-ABF8-0082EF81B2E5}.Release|x64.Build.0 = Release|x64
		{977281E6-DEB5-41E2-ABF8-0082EF81B2E5}.Release|x86.ActiveCfg = Release|Win32
		{977281E6-DEB5-41E2-ABF8-0082EF81B2E5}.Release|x86.Build.0 = Release|Win32
		{895A420A-C9F3-48B5-AED4-8B2D3355CB91}.Debug|Any CPU.ActiveCfg = Debug|Any CPU
		{895A420A-C9F3-48B5-AED4-8B2D3355CB91}.Debug|Any CPU.Build.0 = Debug|Any CPU
		{895A420A-C9F3-48B5-AED4-8B2D3355CB91}.Debug|x64.ActiveCfg = Debug|Any CPU
		{895A420A-C9F3-48B5-AED4-8B2D3355CB91}.Debug|x64.Build.0 = Debug|Any CPU
		{895A420A-C9F3-48B5-AED4-8B2D3355CB91}.Debug|x86.ActiveCfg = Debug|Any CPU
		{895A420A-C9F3-48B5-AED4-8B2D3355CB91}.Debug|x86.Build.0 = Debug|Any CPU
		{895A420A-C9F3-48B5-AED4-8B2D3355CB91}.Release|Any CPU.ActiveCfg = Release|Any CPU
		{895A420A-C9F3-48B5-AED4-8B2D3355CB91}.Release|Any CPU.Build.0 = Release|Any CPU
		{895A420A-C9F3-48B5-AED4-8B2D3355CB91}.Release|x64.ActiveCfg = Release|Any CPU
		{895A420A-C9F3-48B5-AED4-8B2D3355CB91}.Release|x64.Build.0 = Release|Any CPU
		{895A420A-C9F3-48B5-AED4-8B2D3355CB91}.Release|x86.ActiveCfg = Release|Any CPU
		{895A420A-C9F3-48B5-AED4-8B2D3355CB91}.Release|x86.Build.0 = Release|Any CPU
		{0307AC4E-860C-4A4F-8EAA-414FDC6E4606}.Debug|Any CPU.ActiveCfg = Debug|x64
		{0307AC4E-860C-4A4F-8EAA-414FDC6E4606}.Debug|Any CPU.Build.0 = Debug|x64
		{0307AC4E-860C-4A4F-8EAA-414FDC6E4606}.Debug|x64.ActiveCfg = Debug|x64
		{0307AC4E-860C-4A4F-8EAA-414FDC6E4606}.Debug|x64.Build.0 = Debug|x64
		{0307AC4E-860C-4A4F-8EAA-414FDC6E4606}.Debug|x86.ActiveCfg = Debug|Win32
		{0307AC4E-860C-4A4F-8EAA-414FDC6E4606}.Debug|x86.Build.0 = Debug|Win32
		{0307AC4E-860C-4A4F-8EAA-414FDC6E4606}.Release|Any CPU.ActiveCfg = Release|x64
		{0307AC4E-860C-4A4F-8EAA-414FDC6E4606}.Release|Any CPU.Build.0 = Release|x64
		{0307AC4E-860C-4A4F-8EAA-414FDC6E4606}.Release|x64.ActiveCfg = Release|x64
		{0307AC4E-860C-4A4F-8EAA-414FDC6E4606}.Release|x64.Build.0 = Release|x64
		{0307AC4E-860C-4A4F-8EAA-414FDC6E4606}.Release|x86.ActiveCfg = Release|Win32
		{0307AC4E-860C-4A4F-8EAA-414FDC6E4606}.Release|x86.Build.0 = Release|Win32
	EndGlobalSection
	GlobalSection(SolutionProperties) = preSolution
		HideSolutionNode = FALSE
	EndGlobalSection
	GlobalSection(NestedProjects) = preSolution
		{2B3D5D15-AC06-4B0C-9D94-4187CB8422A4} = {1F660D0A-B593-4178-8F47-AC3620394D66}
		{E7B55D20-2952-4581-9670-BABB1D05C66E} = {1F660D0A-B593-4178-8F47-AC3620394D66}
		{923A79D4-C470-4D72-BDC4-F04658E5FDE0} = {E7B55D20-2952-4581-9670-BABB1D05C66E}
		{A118799D-ED08-425B-8DAF-7040AAB26DAB} = {E7B55D20-2952-4581-9670-BABB1D05C66E}
		{2764CF99-DDFD-4392-8D93-0C36D351036B} = {E7B55D20-2952-4581-9670-BABB1D05C66E}
		{254A4769-7CF5-42A4-BE1E-F824FEFEA6C1} = {1F660D0A-B593-4178-8F47-AC3620394D66}
		{822F8F39-205B-439B-8145-4A16E355CAE4} = {2FEC9DC1-C975-4B85-B371-813DF11BEE49}
		{AD433743-5278-4C79-9BE3-DCC4E7028958} = {2FEC9DC1-C975-4B85-B371-813DF11BEE49}
		{977281E6-DEB5-41E2-ABF8-0082EF81B2E5} = {2FEC9DC1-C975-4B85-B371-813DF11BEE49}
		{895A420A-C9F3-48B5-AED4-8B2D3355CB91} = {4501B84F-FE9E-43C4-AA91-80297812C0DB}
		{0307AC4E-860C-4A4F-8EAA-414FDC6E4606} = {2FEC9DC1-C975-4B85-B371-813DF11BEE49}
	EndGlobalSection
	GlobalSection(ExtensibilityGlobals) = postSolution
		SolutionGuid = {20E61A3B-2915-47D5-ADA1-CCA5BC8F272E}
	EndGlobalSection
EndGlobal
