<?xml version="1.0" encoding="utf-8"?>
<Project ToolsVersion="4.0" xmlns="http://schemas.microsoft.com/developer/msbuild/2003">
  <ItemGroup>
    <Filter Include="Circuit">
      <UniqueIdentifier>{beccfd3e-04aa-483b-975e-92b9864d8f9b}</UniqueIdentifier>
    </Filter>
    <Filter Include="Base">
      <UniqueIdentifier>{9f96a444-4560-4505-8ffe-4fab6a72624f}</UniqueIdentifier>
    </Filter>
    <Filter Include="Circuit\Gates">
      <UniqueIdentifier>{3cde8551-b683-4d73-a403-a3bf8713c9ee}</UniqueIdentifier>
    </Filter>
    <Filter Include="Simulator">
      <UniqueIdentifier>{d8df3715-1937-4e2a-9f50-f2e402a36dfd}</UniqueIdentifier>
    </Filter>
    <Filter Include="ClassicalTools">
      <UniqueIdentifier>{3b9972c5-b1cd-43f0-a147-77a8cdb9a44b}</UniqueIdentifier>
    </Filter>
    <Filter Include="ToolClass">
      <UniqueIdentifier>{e2dfbce5-8fc4-4c27-a86e-d6b7de92474f}</UniqueIdentifier>
    </Filter>
    <Filter Include="Circuit\Subroutine">
      <UniqueIdentifier>{48b953e9-e635-44dd-9888-856bd0cefff1}</UniqueIdentifier>
    </Filter>
  </ItemGroup>
  <ItemGroup>
    <ClCompile Include="Circuit\QLGate.cpp">
      <Filter>Circuit</Filter>
    </ClCompile>
    <ClCompile Include="QuantumLabPCH.cpp" />
    <ClCompile Include="Simulator\QLSimulatorMatrix.cpp">
      <Filter>Simulator</Filter>
    </ClCompile>
    <ClCompile Include="Simulator\QLSimulator.cpp">
      <Filter>Simulator</Filter>
    </ClCompile>
    <ClCompile Include="Circuit\Gates\SimpleGates.cpp">
      <Filter>Circuit\Gates</Filter>
    </ClCompile>
    <ClCompile Include="ToolClass\CCString.cpp">
      <Filter>ToolClass</Filter>
    </ClCompile>
    <ClCompile Include="ToolClass\Tracer.cpp">
      <Filter>ToolClass</Filter>
    </ClCompile>
    <ClCompile Include="Circuit\Gates\CnUGate.cpp">
      <Filter>Circuit\Gates</Filter>
    </ClCompile>
    <ClCompile Include="Circuit\Gates\FRGate.cpp">
      <Filter>Circuit\Gates</Filter>
    </ClCompile>
    <ClCompile Include="Circuit\Gates\CSDDecompose.cpp">
      <Filter>Circuit\Gates</Filter>
    </ClCompile>
    <ClCompile Include="Circuit\Gates\AmplitudeEncode.cpp">
      <Filter>Circuit\Gates</Filter>
    </ClCompile>
    <ClCompile Include="Simulator\QLSimulatorVector.cpp">
      <Filter>Simulator</Filter>
    </ClCompile>
    <ClCompile Include="Circuit\Gates\QuantumFFT.cpp">
      <Filter>Circuit\Gates</Filter>
    </ClCompile>
    <ClCompile Include="Circuit\Gates\QuantumPhaseEstimate.cpp">
      <Filter>Circuit\Gates</Filter>
    </ClCompile>
    <ClCompile Include="Circuit\Gates\PauliSimulate.cpp">
      <Filter>Circuit\Gates</Filter>
    </ClCompile>
    <ClCompile Include="Simulator\QLSimulatorMeasure.cpp">
      <Filter>Simulator</Filter>
    </ClCompile>
    <ClCompile Include="Circuit\Subroutine\HHL.cpp">
      <Filter>Circuit\Subroutine</Filter>
    </ClCompile>
    <ClCompile Include="ClassicalTools\QuantumDataViewer.cpp">
      <Filter>ClassicalTools</Filter>
    </ClCompile>
  </ItemGroup>
  <ItemGroup>
    <ClInclude Include="Circuit\QLGate.h">
      <Filter>Circuit</Filter>
    </ClInclude>
    <ClInclude Include="Base\QLDefine.h">
      <Filter>Base</Filter>
    </ClInclude>
    <ClInclude Include="Base\QLSetup.h">
      <Filter>Base</Filter>
    </ClInclude>
    <ClInclude Include="Base\PlatformDefines.h">
      <Filter>Base</Filter>
    </ClInclude>
    <ClInclude Include="Base\PlatformIncs.h">
      <Filter>Base</Filter>
    </ClInclude>
    <ClInclude Include="QuantumLab.h" />
    <ClInclude Include="QuantumLabPCH.h" />
    <ClInclude Include="Simulator\QLSimulator.h">
      <Filter>Simulator</Filter>
    </ClInclude>
    <ClInclude Include="Simulator\QLSimulatorMatrix.h">
      <Filter>Simulator</Filter>
    </ClInclude>
    <ClInclude Include="Circuit\Gates\SimpleGates.h">
      <Filter>Circuit\Gates</Filter>
    </ClInclude>
    <ClInclude Include="Base\QLFloat.h">
      <Filter>Base</Filter>
    </ClInclude>
    <ClInclude Include="Base\CudaIncs.h">
      <Filter>Base</Filter>
    </ClInclude>
    <ClInclude Include="Base\OtherComplexFunction.h">
      <Filter>Base</Filter>
    </ClInclude>
    <ClInclude Include="ClassicalTools\QLMatrix.h">
      <Filter>ClassicalTools</Filter>
    </ClInclude>
    <ClInclude Include="ClassicalTools\QLRandom.h">
      <Filter>ClassicalTools</Filter>
    </ClInclude>
    <ClInclude Include="Base\STLExport.h">
      <Filter>Base</Filter>
    </ClInclude>
    <ClInclude Include="ToolClass\CCString.h">
      <Filter>ToolClass</Filter>
    </ClInclude>
    <ClInclude Include="ToolClass\CLinkedList.h">
      <Filter>ToolClass</Filter>
    </ClInclude>
    <ClInclude Include="ToolClass\CNMD5.h">
      <Filter>ToolClass</Filter>
    </ClInclude>
    <ClInclude Include="ToolClass\STDStringFunctions.h">
      <Filter>ToolClass</Filter>
    </ClInclude>
    <ClInclude Include="ToolClass\TArray.h">
      <Filter>ToolClass</Filter>
    </ClInclude>
    <ClInclude Include="ToolClass\THashMap.h">
      <Filter>ToolClass</Filter>
    </ClInclude>
    <ClInclude Include="ToolClass\Tracer.h">
      <Filter>ToolClass</Filter>
    </ClInclude>
    <ClInclude Include="ToolClass\CBitFlag.h">
      <Filter>ToolClass</Filter>
    </ClInclude>
    <ClInclude Include="ToolClass\MemStack.h">
      <Filter>ToolClass</Filter>
    </ClInclude>
    <ClInclude Include="Circuit\Gates\CnUGate.h">
      <Filter>Circuit\Gates</Filter>
    </ClInclude>
    <ClInclude Include="Circuit\Gates\FRGate.h">
      <Filter>Circuit\Gates</Filter>
    </ClInclude>
    <ClInclude Include="Circuit\Gates\CSDDecompose.h">
      <Filter>Circuit\Gates</Filter>
    </ClInclude>
    <ClInclude Include="Circuit\Gates\AmplitudeEncode.h">
      <Filter>Circuit\Gates</Filter>
    </ClInclude>
    <ClInclude Include="Simulator\QLSimulatorVector.h">
      <Filter>Simulator</Filter>
    </ClInclude>
    <ClInclude Include="Circuit\Gates\QuantumFFT.h">
      <Filter>Circuit\Gates</Filter>
    </ClInclude>
    <ClInclude Include="Circuit\Gates\QuantumPhaseEstimate.h">
      <Filter>Circuit\Gates</Filter>
    </ClInclude>
    <ClInclude Include="Circuit\Gates\PauliSimulate.h">
      <Filter>Circuit\Gates</Filter>
    </ClInclude>
    <ClInclude Include="Simulator\QLSimulatorMeasure.h">
      <Filter>Simulator</Filter>
    </ClInclude>
    <ClInclude Include="Circuit\Subroutine\HHL.h">
      <Filter>Circuit\Subroutine</Filter>
    </ClInclude>
    <ClInclude Include="ClassicalTools\QuantumDataViewer.h">
      <Filter>ClassicalTools</Filter>
    </ClInclude>
  </ItemGroup>
  <ItemGroup>
    <CudaCompile Include="ClassicalTools\QLMatrix.cu">
      <Filter>ClassicalTools</Filter>
    </CudaCompile>
    <CudaCompile Include="ClassicalTools\QLRandom.cu">
      <Filter>ClassicalTools</Filter>
    </CudaCompile>
  </ItemGroup>
</Project>